{
  "dependencies": {
    "selenium-webdriver": {
      "version": "2.41.0"
    },
    "unzip": {
      "version": "0.1.9",
      "dependencies": {
        "fstream": {
          "version": "0.1.25",
          "dependencies": {
            "rimraf": {
              "version": "2.2.6"
            },
            "mkdirp": {
              "version": "0.3.5"
            },
            "graceful-fs": {
              "version": "2.0.3"
            },
            "inherits": {
              "version": "2.0.1"
            }
          }
        },
        "pullstream": {
          "version": "0.4.0",
          "dependencies": {
            "over": {
              "version": "0.0.5"
            },
            "slice-stream": {
              "version": "0.0.0"
            }
          }
        },
        "binary": {
          "version": "0.3.0",
          "dependencies": {
            "chainsaw": {
              "version": "0.1.0",
              "dependencies": {
                "traverse": {
                  "version": "0.3.9"
                }
              }
            },
            "buffers": {
              "version": "0.1.1"
            }
          }
        },
        "readable-stream": {
          "version": "1.0.27-1",
          "dependencies": {
            "core-util-is": {
              "version": "1.0.1"
            },
            "isarray": {
              "version": "0.0.1"
            },
            "string_decoder": {
              "version": "0.10.25-1"
            },
            "inherits": {
              "version": "2.0.1"
            }
          }
        },
        "setimmediate": {
          "version": "1.0.2"
        },
        "match-stream": {
          "version": "0.0.2",
          "dependencies": {
            "buffers": {
              "version": "0.1.1"
            }
          }
        }
      }
    }
  }
}
